
Microsoft Visual Studio Solution File, Format Version 12.00
# Visual Studio Version 16
VisualStudioVersion = 16.0.30128.74
MinimumVisualStudioVersion = 10.0.40219.1
Project("{FAE04EC0-301F-11D3-BF4B-00C04F79EFBC}") = "PowerToysPlugin", "PowerToysPlugin\PowerToysPlugin.csproj", "{44633B90-3F6C-4759-AF76-F10B11689289}"
EndProject
Global
	GlobalSection(SolutionConfigurationPlatforms) = preSolution
		Debug|Any CPU = Debug|Any CPU
		Release|Any CPU = Release|Any CPU
	EndGlobalSection
	GlobalSection(ProjectConfigurationPlatforms) = postSolution
		{44633B90-3F6C-4759-AF76-F10B11689289}.Debug|Any CPU.ActiveCfg = Debug|Any CPU
		{44633B90-3F6C-4759-AF76-F10B11689289}.Debug|Any CPU.Build.0 = Debug|Any CPU
		{44633B90-3F6C-4759-AF76-F10B11689289}.Release|Any CPU.ActiveCfg = Release|Any CPU
		{44633B90-3F6C-4759-AF76-F10B11689289}.Release|Any CPU.Build.0 = Release|Any CPU
	EndGlobalSection
	GlobalSection(SolutionProperties) = preSolution
		HideSolutionNode = FALSE
	EndGlobalSection
	GlobalSection(ExtensibilityGlobals) = postSolution
		SolutionGuid = {9829EDDB-CB19-4D17-ABF6-06DED63038A9}
	EndGlobalSection
EndGlobal
